<?xml version="1.0" encoding="utf-8"?>
<Project ToolsVersion="4.0" xmlns="http://schemas.microsoft.com/developer/msbuild/2003">
  <ItemGroup>
    <Filter Include="Source Files">
      <UniqueIdentifier>{4FC737F1-C7A5-4376-A066-2A32D752A2FF}</UniqueIdentifier>
      <Extensions>cpp;c;cc;cxx;def;odl;idl;hpj;bat;asm;asmx</Extensions>
    </Filter>
    <Filter Include="Header Files">
      <UniqueIdentifier>{93995380-89BD-4b04-88EB-625FBE52EBFB}</UniqueIdentifier>
      <Extensions>h;hpp;hxx;hm;inl;inc;xsd</Extensions>
    </Filter>
    <Filter Include="Resource Files">
      <UniqueIdentifier>{67DA6AB6-F800-4c08-8B7A-83BB121AAD01}</UniqueIdentifier>
      <Extensions>rc;ico;cur;bmp;dlg;rc2;rct;bin;rgs;gif;jpg;jpeg;jpe;resx;tiff;tif;png;wav;mfcribbon-ms</Extensions>
    </Filter>
    <Filter Include="Dependencies">
      <UniqueIdentifier>{9992bcd4-d04b-4105-925d-79a62434f6de}</UniqueIdentifier>
    </Filter>
    <Filter Include="Dependencies\CALI">
      <UniqueIdentifier>{19689f70-0832-4105-b1f1-cfbd41f09745}</UniqueIdentifier>
    </Filter>
    <Filter Include="Dependencies\poly2tri">
      <UniqueIdentifier>{dc3b8b70-826a-4333-aa08-872e5d4a1099}</UniqueIdentifier>
    </Filter>
    <Filter Include="Dependencies\poly2tri\sweep">
      <UniqueIdentifier>{0a3bbbb3-09d2-4f13-af38-80eac3142eb0}</UniqueIdentifier>
    </Filter>
    <Filter Include="Dependencies\poly2tri\common">
      <UniqueIdentifier>{f6d6876e-b82f-4579-9fa9-28591f6a066b}</UniqueIdentifier>
    </Filter>
  </ItemGroup>
  <ItemGroup>
    <None Include="ReadMe.txt" />
  </ItemGroup>
  <ItemGroup>
    <ClInclude Include="..\include\PhySketchDefinitions.h">
      <Filter>Header Files</Filter>
    </ClInclude>
    <ClInclude Include="..\include\PhySketchApplicationWindow.h">
      <Filter>Header Files</Filter>
    </ClInclude>
    <ClInclude Include="..\include\PhySketchLogger.h">
      <Filter>Header Files</Filter>
    </ClInclude>
    <ClInclude Include="..\include\PhySketchSingleton.h">
      <Filter>Header Files</Filter>
    </ClInclude>
    <ClInclude Include="..\include\PhySketchInputListener.h">
      <Filter>Header Files</Filter>
    </ClInclude>
    <ClInclude Include="..\include\PhySketchCore.h">
      <Filter>Header Files</Filter>
    </ClInclude>
    <ClInclude Include="..\include\PhySketchVector2.h">
      <Filter>Header Files</Filter>
    </ClInclude>
    <ClInclude Include="..\include\PhySketchApplicationWindow_WGL.h">
      <Filter>Header Files</Filter>
    </ClInclude>
    <ClInclude Include="..\include\PhySketchUtils.h">
      <Filter>Header Files</Filter>
    </ClInclude>
    <ClInclude Include="..\include\PhySketchAABB.h">
      <Filter>Header Files</Filter>
    </ClInclude>
    <ClInclude Include="..\include\PhySketchRenderer.h">
      <Filter>Header Files</Filter>
    </ClInclude>
    <ClInclude Include="..\include\PhySketchPolygon.h">
      <Filter>Header Files</Filter>
    </ClInclude>
    <ClInclude Include="..\include\PhySketchPhysicsBody.h">
      <Filter>Header Files</Filter>
    </ClInclude>
    <ClInclude Include="..\include\PhySketchPhysicsManager.h">
      <Filter>Header Files</Filter>
    </ClInclude>
    <ClInclude Include="..\include\PhySketchShader_GL.h">
      <Filter>Header Files</Filter>
    </ClInclude>
    <ClInclude Include="..\include\PhySketchMatrix3.h">
      <Filter>Header Files</Filter>
    </ClInclude>
    <ClInclude Include="..\include\PhySketchMaterial.h">
      <Filter>Header Files</Filter>
    </ClInclude>
    <ClInclude Include="..\include\PhySketchPhysicsQueryCallback.h">
      <Filter>Header Files</Filter>
    </ClInclude>
    <ClInclude Include="..\include\PhySketchPhysicsJoint.h">
      <Filter>Header Files</Filter>
    </ClInclude>
    <ClInclude Include="..\include\PhySketchMaterialManager.h">
      <Filter>Header Files</Filter>
    </ClInclude>
    <ClInclude Include="..\dependecies\CALI\myValues.h">
      <Filter>Dependencies\CALI</Filter>
    </ClInclude>
    <ClInclude Include="..\dependecies\CALI\CIAlpha.h">
      <Filter>Dependencies\CALI</Filter>
    </ClInclude>
    <ClInclude Include="..\dependecies\CALI\CICircle.h">
      <Filter>Dependencies\CALI</Filter>
    </ClInclude>
    <ClInclude Include="..\dependecies\CALI\CICommand.h">
      <Filter>Dependencies\CALI</Filter>
    </ClInclude>
    <ClInclude Include="..\dependecies\CALI\CIDiamond.h">
      <Filter>Dependencies\CALI</Filter>
    </ClInclude>
    <ClInclude Include="..\dependecies\CALI\CIEllipse.h">
      <Filter>Dependencies\CALI</Filter>
    </ClInclude>
    <ClInclude Include="..\dependecies\CALI\CIEvaluate.h">
      <Filter>Dependencies\CALI</Filter>
    </ClInclude>
    <ClInclude Include="..\dependecies\CALI\CIFeatures.h">
      <Filter>Dependencies\CALI</Filter>
    </ClInclude>
    <ClInclude Include="..\dependecies\CALI\CIFunction.h">
      <Filter>Dependencies\CALI</Filter>
    </ClInclude>
    <ClInclude Include="..\dependecies\CALI\CIFuzzyNode.h">
      <Filter>Dependencies\CALI</Filter>
    </ClInclude>
    <ClInclude Include="..\dependecies\CALI\CIFuzzySet.h">
      <Filter>Dependencies\CALI</Filter>
    </ClInclude>
    <ClInclude Include="..\dependecies\CALI\CIGesture.h">
      <Filter>Dependencies\CALI</Filter>
    </ClInclude>
    <ClInclude Include="..\dependecies\CALI\CILine.h">
      <Filter>Dependencies\CALI</Filter>
    </ClInclude>
    <ClInclude Include="..\dependecies\CALI\CIList.h">
      <Filter>Dependencies\CALI</Filter>
    </ClInclude>
    <ClInclude Include="..\dependecies\CALI\CIListNode.h">
      <Filter>Dependencies\CALI</Filter>
    </ClInclude>
    <ClInclude Include="..\dependecies\CALI\CIPoint.h">
      <Filter>Dependencies\CALI</Filter>
    </ClInclude>
    <ClInclude Include="..\dependecies\CALI\CIPolygon.h">
      <Filter>Dependencies\CALI</Filter>
    </ClInclude>
    <ClInclude Include="..\dependecies\CALI\CIRecognizer.h">
      <Filter>Dependencies\CALI</Filter>
    </ClInclude>
    <ClInclude Include="..\dependecies\CALI\CIRectangle.h">
      <Filter>Dependencies\CALI</Filter>
    </ClInclude>
    <ClInclude Include="..\dependecies\CALI\CIScribble.h">
      <Filter>Dependencies\CALI</Filter>
    </ClInclude>
    <ClInclude Include="..\dependecies\CALI\CIShape.h">
      <Filter>Dependencies\CALI</Filter>
    </ClInclude>
    <ClInclude Include="..\dependecies\CALI\CIStroke.h">
      <Filter>Dependencies\CALI</Filter>
    </ClInclude>
    <ClInclude Include="..\dependecies\CALI\CITriangle.h">
      <Filter>Dependencies\CALI</Filter>
    </ClInclude>
    <ClInclude Include="..\dependecies\CALI\CIUnknown.h">
      <Filter>Dependencies\CALI</Filter>
    </ClInclude>
    <ClInclude Include="..\dependecies\CALI\CIVector.h">
      <Filter>Dependencies\CALI</Filter>
    </ClInclude>
    <ClInclude Include="..\dependecies\CALI\CIWavyLine.h">
      <Filter>Dependencies\CALI</Filter>
    </ClInclude>
    <ClInclude Include="..\dependecies\CALI\Commands.h">
      <Filter>Dependencies\CALI</Filter>
    </ClInclude>
    <ClInclude Include="..\dependecies\CALI\Shapes.h">
      <Filter>Dependencies\CALI</Filter>
    </ClInclude>
    <ClInclude Include="..\dependecies\poly2tri\poly2tri.h">
      <Filter>Dependencies\poly2tri</Filter>
    </ClInclude>
    <ClInclude Include="..\dependecies\poly2tri\sweep\advancing_front.h">
      <Filter>Dependencies\poly2tri\sweep</Filter>
    </ClInclude>
    <ClInclude Include="..\dependecies\poly2tri\sweep\cdt.h">
      <Filter>Dependencies\poly2tri\sweep</Filter>
    </ClInclude>
    <ClInclude Include="..\dependecies\poly2tri\sweep\sweep.h">
      <Filter>Dependencies\poly2tri\sweep</Filter>
    </ClInclude>
    <ClInclude Include="..\dependecies\poly2tri\sweep\sweep_context.h">
      <Filter>Dependencies\poly2tri\sweep</Filter>
    </ClInclude>
    <ClInclude Include="..\dependecies\poly2tri\common\utils.h">
      <Filter>Dependencies\poly2tri\common</Filter>
    </ClInclude>
    <ClInclude Include="..\dependecies\poly2tri\common\shapes.h">
      <Filter>Dependencies\poly2tri\common</Filter>
    </ClInclude>
    <ClInclude Include="..\include\PhySketchGuessesList.h">
      <Filter>Header Files</Filter>
    </ClInclude>
    <ClInclude Include="..\include\PhySketchPhysicsEventsListener.h">
      <Filter>Header Files</Filter>
    </ClInclude>
  </ItemGroup>
  <ItemGroup>
    <ClCompile Include="..\src\PhySketchApplicationWindow.cpp">
      <Filter>Source Files</Filter>
    </ClCompile>
    <ClCompile Include="..\src\PhySketchLogger.cpp">
      <Filter>Source Files</Filter>
    </ClCompile>
    <ClCompile Include="..\src\PhySketchCore.cpp">
      <Filter>Source Files</Filter>
    </ClCompile>
    <ClCompile Include="..\src\PhySketchApplicationWindow_WGL.cpp">
      <Filter>Source Files</Filter>
    </ClCompile>
    <ClCompile Include="..\src\PhySketchInputListener.cpp">
      <Filter>Source Files</Filter>
    </ClCompile>
    <ClCompile Include="..\src\PhySketchRenderer.cpp">
      <Filter>Source Files</Filter>
    </ClCompile>
    <ClCompile Include="..\src\PhySketchPolygon.cpp">
      <Filter>Source Files</Filter>
    </ClCompile>
    <ClCompile Include="..\src\PhySketchVector2.cpp">
      <Filter>Source Files</Filter>
    </ClCompile>
    <ClCompile Include="..\src\PhySketchPhysicsBody.cpp">
      <Filter>Source Files</Filter>
    </ClCompile>
    <ClCompile Include="..\src\PhySketchPhysicsManager.cpp">
      <Filter>Source Files</Filter>
    </ClCompile>
    <ClCompile Include="..\src\PhySketchShader_GL.cpp">
      <Filter>Source Files</Filter>
    </ClCompile>
    <ClCompile Include="..\src\PhySketchMatrix3.cpp">
      <Filter>Source Files</Filter>
    </ClCompile>
    <ClCompile Include="..\src\PhySketchPhysicsJoint.cpp">
      <Filter>Source Files</Filter>
    </ClCompile>
    <ClCompile Include="..\src\PhySketchMaterialManager.cpp">
      <Filter>Source Files</Filter>
    </ClCompile>
    <ClCompile Include="..\dependecies\CALI\CIAlpha.cxx">
      <Filter>Dependencies\CALI</Filter>
    </ClCompile>
    <ClCompile Include="..\dependecies\CALI\CICircle.cxx">
      <Filter>Dependencies\CALI</Filter>
    </ClCompile>
    <ClCompile Include="..\dependecies\CALI\CICommand.cxx">
      <Filter>Dependencies\CALI</Filter>
    </ClCompile>
    <ClCompile Include="..\dependecies\CALI\CIDiamond.cxx">
      <Filter>Dependencies\CALI</Filter>
    </ClCompile>
    <ClCompile Include="..\dependecies\CALI\CIEllipse.cxx">
      <Filter>Dependencies\CALI</Filter>
    </ClCompile>
    <ClCompile Include="..\dependecies\CALI\CIEvaluate.cxx">
      <Filter>Dependencies\CALI</Filter>
    </ClCompile>
    <ClCompile Include="..\dependecies\CALI\CIFeatures.cxx">
      <Filter>Dependencies\CALI</Filter>
    </ClCompile>
    <ClCompile Include="..\dependecies\CALI\CIFunction.cxx">
      <Filter>Dependencies\CALI</Filter>
    </ClCompile>
    <ClCompile Include="..\dependecies\CALI\CIFuzzyNode.cxx">
      <Filter>Dependencies\CALI</Filter>
    </ClCompile>
    <ClCompile Include="..\dependecies\CALI\CIFuzzySet.cxx">
      <Filter>Dependencies\CALI</Filter>
    </ClCompile>
    <ClCompile Include="..\dependecies\CALI\CILine.cxx">
      <Filter>Dependencies\CALI</Filter>
    </ClCompile>
    <ClCompile Include="..\dependecies\CALI\CIPoint.cxx">
      <Filter>Dependencies\CALI</Filter>
    </ClCompile>
    <ClCompile Include="..\dependecies\CALI\CIPolygon.cxx">
      <Filter>Dependencies\CALI</Filter>
    </ClCompile>
    <ClCompile Include="..\dependecies\CALI\CIRecognizer.cxx">
      <Filter>Dependencies\CALI</Filter>
    </ClCompile>
    <ClCompile Include="..\dependecies\CALI\CIRectangle.cxx">
      <Filter>Dependencies\CALI</Filter>
    </ClCompile>
    <ClCompile Include="..\dependecies\CALI\CIScribble.cxx">
      <Filter>Dependencies\CALI</Filter>
    </ClCompile>
    <ClCompile Include="..\dependecies\CALI\CIShape.cxx">
      <Filter>Dependencies\CALI</Filter>
    </ClCompile>
    <ClCompile Include="..\dependecies\CALI\CIStroke.cxx">
      <Filter>Dependencies\CALI</Filter>
    </ClCompile>
    <ClCompile Include="..\dependecies\CALI\CITriangle.cxx">
      <Filter>Dependencies\CALI</Filter>
    </ClCompile>
    <ClCompile Include="..\dependecies\CALI\CIUnknown.cxx">
      <Filter>Dependencies\CALI</Filter>
    </ClCompile>
    <ClCompile Include="..\dependecies\CALI\CIVector.cxx">
      <Filter>Dependencies\CALI</Filter>
    </ClCompile>
    <ClCompile Include="..\dependecies\CALI\CIWavyLine.cxx">
      <Filter>Dependencies\CALI</Filter>
    </ClCompile>
    <ClCompile Include="..\dependecies\poly2tri\sweep\advancing_front.cc">
      <Filter>Dependencies\poly2tri\sweep</Filter>
    </ClCompile>
    <ClCompile Include="..\dependecies\poly2tri\sweep\cdt.cc">
      <Filter>Dependencies\poly2tri\sweep</Filter>
    </ClCompile>
    <ClCompile Include="..\dependecies\poly2tri\sweep\sweep.cc">
      <Filter>Dependencies\poly2tri\sweep</Filter>
    </ClCompile>
    <ClCompile Include="..\dependecies\poly2tri\sweep\sweep_context.cc">
      <Filter>Dependencies\poly2tri\sweep</Filter>
    </ClCompile>
    <ClCompile Include="..\dependecies\poly2tri\common\shapes.cc">
      <Filter>Dependencies\poly2tri\common</Filter>
    </ClCompile>
    <ClCompile Include="..\src\PhySketchGuessesList.cpp">
      <Filter>Source Files</Filter>
    </ClCompile>
  </ItemGroup>
</Project>